
Microsoft Visual Studio Solution File, Format Version 12.00
# Visual Studio Version 17
VisualStudioVersion = 17.2.32616.157
MinimumVisualStudioVersion = 10.0.40219.1
Project("{2150E333-8FDC-42A3-9474-1A3956D46DE8}") = "Domain", "Domain", "{0F517766-E419-4358-B487-C443DC7CFE7F}"
EndProject
Project("{2150E333-8FDC-42A3-9474-1A3956D46DE8}") = "Presentation", "Presentation", "{831138CB-987A-4EAC-A8BE-3320711AED86}"
EndProject
Project("{2150E333-8FDC-42A3-9474-1A3956D46DE8}") = "Infrastructure", "Infrastructure", "{03A809A0-C3D5-48BA-813B-44321F71702B}"
EndProject
Project("{9A19103F-16F7-4668-BE54-9A1E7A4F7556}") = "Entities", "Entities\Entities.csproj", "{7290A2FA-CA48-4351-BFBF-F181F1FD52D2}"
EndProject
Project("{9A19103F-16F7-4668-BE54-9A1E7A4F7556}") = "DataAccessLibrary", "DataAccessLibrary\DataAccessLibrary.csproj", "{788A2DCA-22BB-4AA5-8B29-243386BE2749}"
EndProject
Project("{9A19103F-16F7-4668-BE54-9A1E7A4F7556}") = "Contracts", "Contracts\Contracts.csproj", "{1053F87E-39F1-477A-B250-14527010842F}"
EndProject
Project("{2150E333-8FDC-42A3-9474-1A3956D46DE8}") = "Application", "Application", "{250D2E00-0D28-421F-83E5-B52605089980}"
EndProject
Project("{9A19103F-16F7-4668-BE54-9A1E7A4F7556}") = "Services", "Services\Services.csproj", "{82BE99B0-9DC1-43E0-87EB-63F19B8B0E9F}"
EndProject
Project("{9A19103F-16F7-4668-BE54-9A1E7A4F7556}") = "Service.Contracts", "Service.Contracts\Service.Contracts.csproj", "{46F6A882-65E7-47C6-A55D-BE4CE8BBB138}"
EndProject
Project("{2150E333-8FDC-42A3-9474-1A3956D46DE8}") = "Test", "Test", "{02D4723D-2247-430A-B775-EA85D5F27804}"
EndProject
Project("{9A19103F-16F7-4668-BE54-9A1E7A4F7556}") = "CardAppTest", "CardAppTest\CardAppTest.csproj", "{0B1C3F7F-2B3D-4C6F-9A8D-17899BD8279F}"
EndProject
Project("{2150E333-8FDC-42A3-9474-1A3956D46DE8}") = "Persistence", "Persistence", "{8DA9BF5D-57FE-4814-9AF3-95760EBBE5B3}"
EndProject
Project("{9A19103F-16F7-4668-BE54-9A1E7A4F7556}") = "CardApp", "CardApp\CardApp.csproj", "{1D9CDF55-B5AF-4767-9591-C17A8DF289B6}"
EndProject
Project("{9A19103F-16F7-4668-BE54-9A1E7A4F7556}") = "Models", "Models\Models.csproj", "{AAAB8457-1FB4-4B57-84ED-F170CE25068A}"
EndProject
Project("{9A19103F-16F7-4668-BE54-9A1E7A4F7556}") = "Model.Contracts", "Model.Contracts\Model.Contracts.csproj", "{9E23156F-8919-4E55-A419-E384B8DF1348}"
EndProject
Project("{FAE04EC0-301F-11D3-BF4B-00C04F79EFBC}") = "Enums", "Enums\Enums.csproj", "{5E1249C8-F2A1-4F65-BF1C-6BC8E329D48F}"
EndProject
Global
	GlobalSection(SolutionConfigurationPlatforms) = preSolution
		Debug|Any CPU = Debug|Any CPU
		Release|Any CPU = Release|Any CPU
	EndGlobalSection
	GlobalSection(ProjectConfigurationPlatforms) = postSolution
		{7290A2FA-CA48-4351-BFBF-F181F1FD52D2}.Debug|Any CPU.ActiveCfg = Debug|Any CPU
		{7290A2FA-CA48-4351-BFBF-F181F1FD52D2}.Debug|Any CPU.Build.0 = Debug|Any CPU
		{7290A2FA-CA48-4351-BFBF-F181F1FD52D2}.Release|Any CPU.ActiveCfg = Release|Any CPU
		{7290A2FA-CA48-4351-BFBF-F181F1FD52D2}.Release|Any CPU.Build.0 = Release|Any CPU
		{788A2DCA-22BB-4AA5-8B29-243386BE2749}.Debug|Any CPU.ActiveCfg = Debug|Any CPU
		{788A2DCA-22BB-4AA5-8B29-243386BE2749}.Debug|Any CPU.Build.0 = Debug|Any CPU
		{788A2DCA-22BB-4AA5-8B29-243386BE2749}.Release|Any CPU.ActiveCfg = Release|Any CPU
		{788A2DCA-22BB-4AA5-8B29-243386BE2749}.Release|Any CPU.Build.0 = Release|Any CPU
		{1053F87E-39F1-477A-B250-14527010842F}.Debug|Any CPU.ActiveCfg = Debug|Any CPU
		{1053F87E-39F1-477A-B250-14527010842F}.Debug|Any CPU.Build.0 = Debug|Any CPU
		{1053F87E-39F1-477A-B250-14527010842F}.Release|Any CPU.ActiveCfg = Release|Any CPU
		{1053F87E-39F1-477A-B250-14527010842F}.Release|Any CPU.Build.0 = Release|Any CPU
		{82BE99B0-9DC1-43E0-87EB-63F19B8B0E9F}.Debug|Any CPU.ActiveCfg = Debug|Any CPU
		{82BE99B0-9DC1-43E0-87EB-63F19B8B0E9F}.Debug|Any CPU.Build.0 = Debug|Any CPU
		{82BE99B0-9DC1-43E0-87EB-63F19B8B0E9F}.Release|Any CPU.ActiveCfg = Release|Any CPU
		{82BE99B0-9DC1-43E0-87EB-63F19B8B0E9F}.Release|Any CPU.Build.0 = Release|Any CPU
		{46F6A882-65E7-47C6-A55D-BE4CE8BBB138}.Debug|Any CPU.ActiveCfg = Debug|Any CPU
		{46F6A882-65E7-47C6-A55D-BE4CE8BBB138}.Debug|Any CPU.Build.0 = Debug|Any CPU
		{46F6A882-65E7-47C6-A55D-BE4CE8BBB138}.Release|Any CPU.ActiveCfg = Release|Any CPU
		{46F6A882-65E7-47C6-A55D-BE4CE8BBB138}.Release|Any CPU.Build.0 = Release|Any CPU
		{0B1C3F7F-2B3D-4C6F-9A8D-17899BD8279F}.Debug|Any CPU.ActiveCfg = Debug|Any CPU
		{0B1C3F7F-2B3D-4C6F-9A8D-17899BD8279F}.Debug|Any CPU.Build.0 = Debug|Any CPU
		{0B1C3F7F-2B3D-4C6F-9A8D-17899BD8279F}.Release|Any CPU.ActiveCfg = Release|Any CPU
		{0B1C3F7F-2B3D-4C6F-9A8D-17899BD8279F}.Release|Any CPU.Build.0 = Release|Any CPU
		{1D9CDF55-B5AF-4767-9591-C17A8DF289B6}.Debug|Any CPU.ActiveCfg = Debug|Any CPU
		{1D9CDF55-B5AF-4767-9591-C17A8DF289B6}.Debug|Any CPU.Build.0 = Debug|Any CPU
		{1D9CDF55-B5AF-4767-9591-C17A8DF289B6}.Release|Any CPU.ActiveCfg = Release|Any CPU
		{1D9CDF55-B5AF-4767-9591-C17A8DF289B6}.Release|Any CPU.Build.0 = Release|Any CPU
		{AAAB8457-1FB4-4B57-84ED-F170CE25068A}.Debug|Any CPU.ActiveCfg = Debug|Any CPU
		{AAAB8457-1FB4-4B57-84ED-F170CE25068A}.Debug|Any CPU.Build.0 = Debug|Any CPU
		{AAAB8457-1FB4-4B57-84ED-F170CE25068A}.Release|Any CPU.ActiveCfg = Release|Any CPU
		{AAAB8457-1FB4-4B57-84ED-F170CE25068A}.Release|Any CPU.Build.0 = Release|Any CPU
		{9E23156F-8919-4E55-A419-E384B8DF1348}.Debug|Any CPU.ActiveCfg = Debug|Any CPU
		{9E23156F-8919-4E55-A419-E384B8DF1348}.Debug|Any CPU.Build.0 = Debug|Any CPU
		{9E23156F-8919-4E55-A419-E384B8DF1348}.Release|Any CPU.ActiveCfg = Release|Any CPU
		{9E23156F-8919-4E55-A419-E384B8DF1348}.Release|Any CPU.Build.0 = Release|Any CPU
		{5E1249C8-F2A1-4F65-BF1C-6BC8E329D48F}.Debug|Any CPU.ActiveCfg = Debug|Any CPU
		{5E1249C8-F2A1-4F65-BF1C-6BC8E329D48F}.Debug|Any CPU.Build.0 = Debug|Any CPU
		{5E1249C8-F2A1-4F65-BF1C-6BC8E329D48F}.Release|Any CPU.ActiveCfg = Release|Any CPU
		{5E1249C8-F2A1-4F65-BF1C-6BC8E329D48F}.Release|Any CPU.Build.0 = Release|Any CPU
	EndGlobalSection
	GlobalSection(SolutionProperties) = preSolution
		HideSolutionNode = FALSE
	EndGlobalSection
	GlobalSection(NestedProjects) = preSolution
		{7290A2FA-CA48-4351-BFBF-F181F1FD52D2} = {0F517766-E419-4358-B487-C443DC7CFE7F}
		{788A2DCA-22BB-4AA5-8B29-243386BE2749} = {03A809A0-C3D5-48BA-813B-44321F71702B}
		{1053F87E-39F1-477A-B250-14527010842F} = {8DA9BF5D-57FE-4814-9AF3-95760EBBE5B3}
		{82BE99B0-9DC1-43E0-87EB-63F19B8B0E9F} = {250D2E00-0D28-421F-83E5-B52605089980}
		{46F6A882-65E7-47C6-A55D-BE4CE8BBB138} = {250D2E00-0D28-421F-83E5-B52605089980}
		{0B1C3F7F-2B3D-4C6F-9A8D-17899BD8279F} = {02D4723D-2247-430A-B775-EA85D5F27804}
		{1D9CDF55-B5AF-4767-9591-C17A8DF289B6} = {831138CB-987A-4EAC-A8BE-3320711AED86}
		{AAAB8457-1FB4-4B57-84ED-F170CE25068A} = {250D2E00-0D28-421F-83E5-B52605089980}
		{9E23156F-8919-4E55-A419-E384B8DF1348} = {250D2E00-0D28-421F-83E5-B52605089980}
		{5E1249C8-F2A1-4F65-BF1C-6BC8E329D48F} = {250D2E00-0D28-421F-83E5-B52605089980}
	EndGlobalSection
	GlobalSection(ExtensibilityGlobals) = postSolution
		SolutionGuid = {3A5DE9E1-2BD8-4E5B-89EC-48DACF74E569}
	EndGlobalSection
EndGlobal
